uuid: cfbee701-690c-4cf9-8928-9b409d092f31
langcode: en
status: true
dependencies:
  config:
    - facets.facet.price_number_block
  module:
    - facets
  theme:
    - wuzi
id: wuzi_price_number_block
theme: wuzi
region: sidebar_first
weight: 0
provider: null
plugin: 'facet_block:price_number_block'
settings:
  id: 'facet_block:price_number_block'
  label: Price_Number_Block
  label_display: visible
  provider: facets
  context_mapping: {  }
  block_id: wuzi_price_number_block
visibility: {  }
