uuid: bb508c09-1d3d-4417-bd79-960702e618d7
langcode: en
status: true
dependencies:
  module:
    - commerce_order
_core:
  default_config_hash: ng8Uf3QSG-ylkOmr0Q3KTBqUh4rf0cswHb5W6Ca7tD4
id: commerce_order_unlock
label: 'Unlock order'
type: commerce_order
plugin: commerce_order_unlock
configuration: {  }
